
Microsoft Visual Studio Solution File, Format Version 12.00
# Visual Studio Version 16
VisualStudioVersion = 16.0.31129.286
MinimumVisualStudioVersion = 10.0.40219.1
Project("{FAE04EC0-301F-11D3-BF4B-00C04F79EFBC}") = "demoCI", "demoCI.csproj", "{BBB03263-AA53-4A55-8459-3491932FAA4F}"
EndProject
Global
	GlobalSection(SolutionConfigurationPlatforms) = preSolution
		Debug|Any CPU = Debug|Any CPU
		Release|Any CPU = Release|Any CPU
	EndGlobalSection
	GlobalSection(ProjectConfigurationPlatforms) = postSolution
		{BBB03263-AA53-4A55-8459-3491932FAA4F}.Debug|Any CPU.ActiveCfg = Debug|Any CPU
		{BBB03263-AA53-4A55-8459-3491932FAA4F}.Debug|Any CPU.Build.0 = Debug|Any CPU
		{BBB03263-AA53-4A55-8459-3491932FAA4F}.Release|Any CPU.ActiveCfg = Release|Any CPU
		{BBB03263-AA53-4A55-8459-3491932FAA4F}.Release|Any CPU.Build.0 = Release|Any CPU
	EndGlobalSection
	GlobalSection(SolutionProperties) = preSolution
		HideSolutionNode = FALSE
	EndGlobalSection
	GlobalSection(ExtensibilityGlobals) = postSolution
		SolutionGuid = {F0FE53AC-75F4-4650-B593-ACAD693A0EE1}
	EndGlobalSection
EndGlobal
